{
  "name": "cmdlang",
  "version": "0.0.1",
  "lockfileVersion": 3,
  "requires": true,
  "packages": {
    "": {
      "name": "cmdlang",
      "version": "0.0.1",
      "license": "MIT",
      "dependencies": {
        "@bygdle/expr-parser": "^0.4.0"
      }
    },
    "node_modules/@bygdle/expr-parser": {
      "version": "0.4.0",
      "resolved": "https://registry.npmjs.org/@bygdle/expr-parser/-/expr-parser-0.4.0.tgz",
      "integrity": "sha512-zE4biu4rhQsGevK3dNhfKTuBMvbgn0ZImYie9kYR4It4XXvFTlV0c9i5ZQyreRYrpSJ3kFvhqKNSUHjVLUK8ug=="
    }
  }
}
